
Microsoft Visual Studio Solution File, Format Version 12.00
# Visual Studio Version 16
VisualStudioVersion = 16.0.32126.315
MinimumVisualStudioVersion = 10.0.40219.1
Project("{9A19103F-16F7-4668-BE54-9A1E7A4F7556}") = "ChainedChicken", "ChainedChicken.csproj", "{C6CA0543-635E-46B0-9108-405D9C259C3C}"
EndProject
Global
	GlobalSection(SolutionConfigurationPlatforms) = preSolution
		Debug|Any CPU = Debug|Any CPU
		Release|Any CPU = Release|Any CPU
	EndGlobalSection
	GlobalSection(ProjectConfigurationPlatforms) = postSolution
		{C6CA0543-635E-46B0-9108-405D9C259C3C}.Debug|Any CPU.ActiveCfg = Debug|Any CPU
		{C6CA0543-635E-46B0-9108-405D9C259C3C}.Debug|Any CPU.Build.0 = Debug|Any CPU
		{C6CA0543-635E-46B0-9108-405D9C259C3C}.Release|Any CPU.ActiveCfg = Release|Any CPU
		{C6CA0543-635E-46B0-9108-405D9C259C3C}.Release|Any CPU.Build.0 = Release|Any CPU
	EndGlobalSection
	GlobalSection(SolutionProperties) = preSolution
		HideSolutionNode = FALSE
	EndGlobalSection
	GlobalSection(ExtensibilityGlobals) = postSolution
		SolutionGuid = {3C35995C-02CB-4DED-85C6-827AC8F2313E}
	EndGlobalSection
EndGlobal
